
Microsoft Visual Studio Solution File, Format Version 12.00
# Visual Studio Version 16
VisualStudioVersion = 16.0.31424.327
MinimumVisualStudioVersion = 10.0.40219.1
Project("{FAE04EC0-301F-11D3-BF4B-00C04F79EFBC}") = "ParkingLot", "ParkingLot.csproj", "{91F92DB1-F95B-409C-85F4-F1E0316E7410}"
EndProject
Global
	GlobalSection(SolutionConfigurationPlatforms) = preSolution
		Debug|Any CPU = Debug|Any CPU
		Release|Any CPU = Release|Any CPU
	EndGlobalSection
	GlobalSection(ProjectConfigurationPlatforms) = postSolution
		{91F92DB1-F95B-409C-85F4-F1E0316E7410}.Debug|Any CPU.ActiveCfg = Debug|Any CPU
		{91F92DB1-F95B-409C-85F4-F1E0316E7410}.Debug|Any CPU.Build.0 = Debug|Any CPU
		{91F92DB1-F95B-409C-85F4-F1E0316E7410}.Release|Any CPU.ActiveCfg = Release|Any CPU
		{91F92DB1-F95B-409C-85F4-F1E0316E7410}.Release|Any CPU.Build.0 = Release|Any CPU
	EndGlobalSection
	GlobalSection(SolutionProperties) = preSolution
		HideSolutionNode = FALSE
	EndGlobalSection
	GlobalSection(ExtensibilityGlobals) = postSolution
		SolutionGuid = {C3CDFC68-D5A3-4769-A3F4-B79D20BD8910}
	EndGlobalSection
EndGlobal
